// !$*UTF8*$!
{
	archiveVersion = 1;
	classes = {
	};
	objectVersion = 50;
	objects = {

/* Begin PBXBuildFile section */
		DC401E7D24EFD37400219EFA /* AppDelegate.swift in Sources */ = {isa = PBXBuildFile; fileRef = DC401E7C24EFD37400219EFA /* AppDelegate.swift */; };
		DC401E7F24EFD37400219EFA /* SceneDelegate.swift in Sources */ = {isa = PBXBuildFile; fileRef = DC401E7E24EFD37400219EFA /* SceneDelegate.swift */; };
		DC401E8124EFD37400219EFA /* ViewController.swift in Sources */ = {isa = PBXBuildFile; fileRef = DC401E8024EFD37400219EFA /* ViewController.swift */; };
		DC401E8424EFD37400219EFA /* Main.storyboard in Resources */ = {isa = PBXBuildFile; fileRef = DC401E8224EFD37400219EFA /* Main.storyboard */; };
		DC401E8624EFD37600219EFA /* Assets.xcassets in Resources */ = {isa = PBXBuildFile; fileRef = DC401E8524EFD37600219EFA /* Assets.xcassets */; };
		DC401E8924EFD37600219EFA /* LaunchScreen.storyboard in Resources */ = {isa = PBXBuildFile; fileRef = DC401E8724EFD37600219EFA /* LaunchScreen.storyboard */; };
		DC43EA0724F33A8F008B41E5 /* FoodTableViewCell.swift in Sources */ = {isa = PBXBuildFile; fileRef = DC43EA0624F33A8F008B41E5 /* FoodTableViewCell.swift */; };
		DC43EA0B24F34A11008B41E5 /* newFoodTableViewCell.swift in Sources */ = {isa = PBXBuildFile; fileRef = DC43EA0A24F34A11008B41E5 /* newFoodTableViewCell.swift */; };
		DC43EA0D24F34A3B008B41E5 /* newFoodViewController.swift in Sources */ = {isa = PBXBuildFile; fileRef = DC43EA0C24F34A3B008B41E5 /* newFoodViewController.swift */; };
		DC43EA1024F35ABA008B41E5 /* SwitchViewController.swift in Sources */ = {isa = PBXBuildFile; fileRef = DC43EA0F24F35ABA008B41E5 /* SwitchViewController.swift */; };
/* End PBXBuildFile section */

/* Begin PBXFileReference section */
		DC401E7924EFD37400219EFA /* improvementProject.app */ = {isa = PBXFileReference; explicitFileType = wrapper.application; includeInIndex = 0; path = improvementProject.app; sourceTree = BUILT_PRODUCTS_DIR; };
		DC401E7C24EFD37400219EFA /* AppDelegate.swift */ = {isa = PBXFileReference; lastKnownFileType = sourcecode.swift; path = AppDelegate.swift; sourceTree = "<group>"; };
		DC401E7E24EFD37400219EFA /* SceneDelegate.swift */ = {isa = PBXFileReference; lastKnownFileType = sourcecode.swift; path = SceneDelegate.swift; sourceTree = "<group>"; };
		DC401E8024EFD37400219EFA /* ViewController.swift */ = {isa = PBXFileReference; lastKnownFileType = sourcecode.swift; path = ViewController.swift; sourceTree = "<group>"; };
		DC401E8324EFD37400219EFA /* Base */ = {isa = PBXFileReference; lastKnownFileType = file.storyboard; name = Base; path = Base.lproj/Main.storyboard; sourceTree = "<group>"; };
		DC401E8524EFD37600219EFA /* Assets.xcassets */ = {isa = PBXFileReference; lastKnownFileType = folder.assetcatalog; path = Assets.xcassets; sourceTree = "<group>"; };
		DC401E8824EFD37600219EFA /* Base */ = {isa = PBXFileReference; lastKnownFileType = file.storyboard; name = Base; path = Base.lproj/LaunchScreen.storyboard; sourceTree = "<group>"; };
		DC401E8A24EFD37600219EFA /* Info.plist */ = {isa = PBXFileReference; lastKnownFileType = text.plist.xml; path = Info.plist; sourceTree = "<group>"; };
		DC43EA0624F33A8F008B41E5 /* FoodTableViewCell.swift */ = {isa = PBXFileReference; lastKnownFileType = sourcecode.swift; path = FoodTableViewCell.swift; sourceTree = "<group>"; };
		DC43EA0A24F34A11008B41E5 /* newFoodTableViewCell.swift */ = {isa = PBXFileReference; lastKnownFileType = sourcecode.swift; path = newFoodTableViewCell.swift; sourceTree = "<group>"; };
		DC43EA0C24F34A3B008B41E5 /* newFoodViewController.swift */ = {isa = PBXFileReference; lastKnownFileType = sourcecode.swift; path = newFoodViewController.swift; sourceTree = "<group>"; };
		DC43EA0F24F35ABA008B41E5 /* SwitchViewController.swift */ = {isa = PBXFileReference; lastKnownFileType = sourcecode.swift; path = SwitchViewController.swift; sourceTree = "<group>"; };
/* End PBXFileReference section */

/* Begin PBXFrameworksBuildPhase section */
		DC401E7624EFD37400219EFA /* Frameworks */ = {
			isa = PBXFrameworksBuildPhase;
			buildActionMask = 2147483647;
			files = (
			);
			runOnlyForDeploymentPostprocessing = 0;
		};
/* End PBXFrameworksBuildPhase section */

/* Begin PBXGroup section */
		DC401E7024EFD37400219EFA = {
			isa = PBXGroup;
			children = (
				DC401E7B24EFD37400219EFA /* improvementProject */,
				DC401E7A24EFD37400219EFA /* Products */,
			);
			sourceTree = "<group>";
		};
		DC401E7A24EFD37400219EFA /* Products */ = {
			isa = PBXGroup;
			children = (
				DC401E7924EFD37400219EFA /* improvementProject.app */,
			);
			name = Products;
			sourceTree = "<group>";
		};
		DC401E7B24EFD37400219EFA /* improvementProject */ = {
			isa = PBXGroup;
			children = (
				DC43EA0924F349F7008B41E5 /* newFoodCell */,
				DC43EA0824F349D8008B41E5 /* foodCell */,
				DC401E7C24EFD37400219EFA /* AppDelegate.swift */,
				DC401E7E24EFD37400219EFA /* SceneDelegate.swift */,
				DC401E8224EFD37400219EFA /* Main.storyboard */,
				DC401E8524EFD37600219EFA /* Assets.xcassets */,
				DC401E8724EFD37600219EFA /* LaunchScreen.storyboard */,
				DC401E8A24EFD37600219EFA /* Info.plist */,
				DC43EA0F24F35ABA008B41E5 /* SwitchViewController.swift */,
			);
			path = improvementProject;
			sourceTree = "<group>";
		};
		DC43EA0824F349D8008B41E5 /* foodCell */ = {
			isa = PBXGroup;
			children = (
				DC401E8024EFD37400219EFA /* ViewController.swift */,
				DC43EA0624F33A8F008B41E5 /* FoodTableViewCell.swift */,
			);
			path = foodCell;
			sourceTree = "<group>";
		};
		DC43EA0924F349F7008B41E5 /* newFoodCell */ = {
			isa = PBXGroup;
			children = (
				DC43EA0A24F34A11008B41E5 /* newFoodTableViewCell.swift */,
				DC43EA0C24F34A3B008B41E5 /* newFoodViewController.swift */,
			);
			path = newFoodCell;
			sourceTree = "<group>";
		};
/* End PBXGroup section */

/* Begin PBXNativeTarget section */
		DC401E7824EFD37400219EFA /* improvementProject */ = {
			isa = PBXNativeTarget;
			buildConfigurationList = DC401E8D24EFD37600219EFA /* Build configuration list for PBXNativeTarget "improvementProject" */;
			buildPhases = (
				DC401E7524EFD37400219EFA /* Sources */,
				DC401E7624EFD37400219EFA /* Frameworks */,
				DC401E7724EFD37400219EFA /* Resources */,
			);
			buildRules = (
			);
			dependencies = (
			);
			name = improvementProject;
			productName = improvementProject;
			productReference = DC401E7924EFD37400219EFA /* improvementProject.app */;
			productType = "com.apple.product-type.application";
		};
/* End PBXNativeTarget section */

/* Begin PBXProject section */
		DC401E7124EFD37400219EFA /* Project object */ = {
			isa = PBXProject;
			attributes = {
				LastSwiftUpdateCheck = 1130;
				LastUpgradeCheck = 1130;
				ORGANIZATIONNAME = "chen yue";
				TargetAttributes = {
					DC401E7824EFD37400219EFA = {
						CreatedOnToolsVersion = 11.3.1;
					};
				};
			};
			buildConfigurationList = DC401E7424EFD37400219EFA /* Build configuration list for PBXProject "improvementProject" */;
			compatibilityVersion = "Xcode 9.3";
			developmentRegion = en;
			hasScannedForEncodings = 0;
			knownRegions = (
				en,
				Base,
			);
			mainGroup = DC401E7024EFD37400219EFA;
			productRefGroup = DC401E7A24EFD37400219EFA /* Products */;
			projectDirPath = "";
			projectRoot = "";
			targets = (
				DC401E7824EFD37400219EFA /* improvementProject */,
			);
		};
/* End PBXProject section */

/* Begin PBXResourcesBuildPhase section */
		DC401E7724EFD37400219EFA /* Resources */ = {
			isa = PBXResourcesBuildPhase;
			buildActionMask = 2147483647;
			files = (
				DC401E8924EFD37600219EFA /* LaunchScreen.storyboard in Resources */,
				DC401E8624EFD37600219EFA /* Assets.xcassets in Resources */,
				DC401E8424EFD37400219EFA /* Main.storyboard in Resources */,
			);
			runOnlyForDeploymentPostprocessing = 0;
		};
/* End PBXResourcesBuildPhase section */

/* Begin PBXSourcesBuildPhase section */
		DC401E7524EFD37400219EFA /* Sources */ = {
			isa = PBXSourcesBuildPhase;
			buildActionMask = 2147483647;
			files = (
				DC401E8124EFD37400219EFA /* ViewController.swift in Sources */,
				DC43EA0724F33A8F008B41E5 /* FoodTableViewCell.swift in Sources */,
				DC43EA0B24F34A11008B41E5 /* newFoodTableViewCell.swift in Sources */,
				DC43EA0D24F34A3B008B41E5 /* newFoodViewController.swift in Sources */,
				DC401E7D24EFD37400219EFA /* AppDelegate.swift in Sources */,
				DC401E7F24EFD37400219EFA /* SceneDelegate.swift in Sources */,
				DC43EA1024F35ABA008B41E5 /* SwitchViewController.swift in Sources */,
			);
			runOnlyForDeploymentPostprocessing = 0;
		};
/* End PBXSourcesBuildPhase section */

/* Begin PBXVariantGroup section */
		DC401E8224EFD37400219EFA /* Main.storyboard */ = {
			isa = PBXVariantGroup;
			children = (
				DC401E8324EFD37400219EFA /* Base */,
			);
			name = Main.storyboard;
			sourceTree = "<group>";
		};
		DC401E8724EFD37600219EFA /* LaunchScreen.storyboard */ = {
			isa = PBXVariantGroup;
			children = (
				DC401E8824EFD37600219EFA /* Base */,
			);
			name = LaunchScreen.storyboard;
			sourceTree = "<group>";
		};
/* End PBXVariantGroup section */

/* Begin XCBuildConfiguration section */
		DC401E8B24EFD37600219EFA /* Debug */ = {
			isa = XCBuildConfiguration;
			buildSettings = {
				ALWAYS_SEARCH_USER_PATHS = NO;
				CLANG_ANALYZER_NONNULL = YES;
				CLANG_ANALYZER_NUMBER_OBJECT_CONVERSION = YES_AGGRESSIVE;
				CLANG_CXX_LANGUAGE_STANDARD = "gnu++14";
				CLANG_CXX_LIBRARY = "libc++";
				CLANG_ENABLE_MODULES = YES;
				CLANG_ENABLE_OBJC_ARC = YES;
				CLANG_ENABLE_OBJC_WEAK = YES;
				CLANG_WARN_BLOCK_CAPTURE_AUTORELEASING = YES;
				CLANG_WARN_BOOL_CONVERSION = YES;
				CLANG_WARN_COMMA = YES;
				CLANG_WARN_CONSTANT_CONVERSION = YES;
				CLANG_WARN_DEPRECATED_OBJC_IMPLEMENTATIONS = YES;
				CLANG_WARN_DIRECT_OBJC_ISA_USAGE = YES_ERROR;
				CLANG_WARN_DOCUMENTATION_COMMENTS = YES;
				CLANG_WARN_EMPTY_BODY = YES;
				CLANG_WARN_ENUM_CONVERSION = YES;
				CLANG_WARN_INFINITE_RECURSION = YES;
				CLANG_WARN_INT_CONVERSION = YES;
				CLANG_WARN_NON_LITERAL_NULL_CONVERSION = YES;
				CLANG_WARN_OBJC_IMPLICIT_RETAIN_SELF = YES;
				CLANG_WARN_OBJC_LITERAL_CONVERSION = YES;
				CLANG_WARN_OBJC_ROOT_CLASS = YES_ERROR;
				CLANG_WARN_RANGE_LOOP_ANALYSIS = YES;
				CLANG_WARN_STRICT_PROTOTYPES = YES;
				CLANG_WARN_SUSPICIOUS_MOVE = YES;
				CLANG_WARN_UNGUARDED_AVAILABILITY = YES_AGGRESSIVE;
				CLANG_WARN_UNREACHABLE_CODE = YES;
				CLANG_WARN__DUPLICATE_METHOD_MATCH = YES;
				COPY_PHASE_STRIP = NO;
				DEBUG_INFORMATION_FORMAT = dwarf;
				ENABLE_STRICT_OBJC_MSGSEND = YES;
				ENABLE_TESTABILITY = YES;
				GCC_C_LANGUAGE_STANDARD = gnu11;
				GCC_DYNAMIC_NO_PIC = NO;
				GCC_NO_COMMON_BLOCKS = YES;
				GCC_OPTIMIZATION_LEVEL = 0;
				GCC_PREPROCESSOR_DEFINITIONS = (
					"DEBUG=1",
					"$(inherited)",
				);
				GCC_WARN_64_TO_32_BIT_CONVERSION = YES;
				GCC_WARN_ABOUT_RETURN_TYPE = YES_ERROR;
				GCC_WARN_UNDECLARED_SELECTOR = YES;
				GCC_WARN_UNINITIALIZED_AUTOS = YES_AGGRESSIVE;
				GCC_WARN_UNUSED_FUNCTION = YES;
				GCC_WARN_UNUSED_VARIABLE = YES;
				IPHONEOS_DEPLOYMENT_TARGET = 13.2;
				MTL_ENABLE_DEBUG_INFO = INCLUDE_SOURCE;
				MTL_FAST_MATH = YES;
				ONLY_ACTIVE_ARCH = YES;
				SDKROOT = iphoneos;
				SWIFT_ACTIVE_COMPILATION_CONDITIONS = DEBUG;
				SWIFT_OPTIMIZATION_LEVEL = "-Onone";
			};
			name = Debug;
		};
		DC401E8C24EFD37600219EFA /* Release */ = {
			isa = XCBuildConfiguration;
			buildSettings = {
				ALWAYS_SEARCH_USER_PATHS = NO;
				CLANG_ANALYZER_NONNULL = YES;
				CLANG_ANALYZER_NUMBER_OBJECT_CONVERSION = YES_AGGRESSIVE;
				CLANG_CXX_LANGUAGE_STANDARD = "gnu++14";
				CLANG_CXX_LIBRARY = "libc++";
				CLANG_ENABLE_MODULES = YES;
				CLANG_ENABLE_OBJC_ARC = YES;
				CLANG_ENABLE_OBJC_WEAK = YES;
				CLANG_WARN_BLOCK_CAPTURE_AUTORELEASING = YES;
				CLANG_WARN_BOOL_CONVERSION = YES;
				CLANG_WARN_COMMA = YES;
				CLANG_WARN_CONSTANT_CONVERSION = YES;
				CLANG_WARN_DEPRECATED_OBJC_IMPLEMENTATIONS = YES;
				CLANG_WARN_DIRECT_OBJC_ISA_USAGE = YES_ERROR;
				CLANG_WARN_DOCUMENTATION_COMMENTS = YES;
				CLANG_WARN_EMPTY_BODY = YES;
				CLANG_WARN_ENUM_CONVERSION = YES;
				CLANG_WARN_INFINITE_RECURSION = YES;
				CLANG_WARN_INT_CONVERSION = YES;
				CLANG_WARN_NON_LITERAL_NULL_CONVERSION = YES;
				CLANG_WARN_OBJC_IMPLICIT_RETAIN_SELF = YES;
				CLANG_WARN_OBJC_LITERAL_CONVERSION = YES;
				CLANG_WARN_OBJC_ROOT_CLASS = YES_ERROR;
				CLANG_WARN_RANGE_LOOP_ANALYSIS = YES;
				CLANG_WARN_STRICT_PROTOTYPES = YES;
				CLANG_WARN_SUSPICIOUS_MOVE = YES;
				CLANG_WARN_UNGUARDED_AVAILABILITY = YES_AGGRESSIVE;
				CLANG_WARN_UNREACHABLE_CODE = YES;
				CLANG_WARN__DUPLICATE_METHOD_MATCH = YES;
				COPY_PHASE_STRIP = NO;
				DEBUG_INFORMATION_FORMAT = "dwarf-with-dsym";
				ENABLE_NS_ASSERTIONS = NO;
				ENABLE_STRICT_OBJC_MSGSEND = YES;
				GCC_C_LANGUAGE_STANDARD = gnu11;
				GCC_NO_COMMON_BLOCKS = YES;
				GCC_WARN_64_TO_32_BIT_CONVERSION = YES;
				GCC_WARN_ABOUT_RETURN_TYPE = YES_ERROR;
				GCC_WARN_UNDECLARED_SELECTOR = YES;
				GCC_WARN_UNINITIALIZED_AUTOS = YES_AGGRESSIVE;
				GCC_WARN_UNUSED_FUNCTION = YES;
				GCC_WARN_UNUSED_VARIABLE = YES;
				IPHONEOS_DEPLOYMENT_TARGET = 13.2;
				MTL_ENABLE_DEBUG_INFO = NO;
				MTL_FAST_MATH = YES;
				SDKROOT = iphoneos;
				SWIFT_COMPILATION_MODE = wholemodule;
				SWIFT_OPTIMIZATION_LEVEL = "-O";
				VALIDATE_PRODUCT = YES;
			};
			name = Release;
		};
		DC401E8E24EFD37600219EFA /* Debug */ = {
			isa = XCBuildConfiguration;
			buildSettings = {
				ASSETCATALOG_COMPILER_APPICON_NAME = AppIcon;
				CODE_SIGN_STYLE = Automatic;
				INFOPLIST_FILE = improvementProject/Info.plist;
				LD_RUNPATH_SEARCH_PATHS = (
					"$(inherited)",
					"@executable_path/Frameworks",
				);
				PRODUCT_BUNDLE_IDENTIFIER = com.improvementProject;
				PRODUCT_NAME = "$(TARGET_NAME)";
				SWIFT_VERSION = 5.0;
				TARGETED_DEVICE_FAMILY = "1,2";
			};
			name = Debug;
		};
		DC401E8F24EFD37600219EFA /* Release */ = {
			isa = XCBuildConfiguration;
			buildSettings = {
				ASSETCATALOG_COMPILER_APPICON_NAME = AppIcon;
				CODE_SIGN_STYLE = Automatic;
				INFOPLIST_FILE = improvementProject/Info.plist;
				LD_RUNPATH_SEARCH_PATHS = (
					"$(inherited)",
					"@executable_path/Frameworks",
				);
				PRODUCT_BUNDLE_IDENTIFIER = com.improvementProject;
				PRODUCT_NAME = "$(TARGET_NAME)";
				SWIFT_VERSION = 5.0;
				TARGETED_DEVICE_FAMILY = "1,2";
			};
			name = Release;
		};
/* End XCBuildConfiguration section */

/* Begin XCConfigurationList section */
		DC401E7424EFD37400219EFA /* Build configuration list for PBXProject "improvementProject" */ = {
			isa = XCConfigurationList;
			buildConfigurations = (
				DC401E8B24EFD37600219EFA /* Debug */,
				DC401E8C24EFD37600219EFA /* Release */,
			);
			defaultConfigurationIsVisible = 0;
			defaultConfigurationName = Release;
		};
		DC401E8D24EFD37600219EFA /* Build configuration list for PBXNativeTarget "improvementProject" */ = {
			isa = XCConfigurationList;
			buildConfigurations = (
				DC401E8E24EFD37600219EFA /* Debug */,
				DC401E8F24EFD37600219EFA /* Release */,
			);
			defaultConfigurationIsVisible = 0;
			defaultConfigurationName = Release;
		};
/* End XCConfigurationList section */
	};
	rootObject = DC401E7124EFD37400219EFA /* Project object */;
}
