// !$*UTF8*$!
{
	archiveVersion = 1;
	classes = {
	};
	objectVersion = 50;
	objects = {

/* Begin PBXBuildFile section */
		DC14610624FF476A00F658B0 /* Image.swift in Sources */ = {isa = PBXBuildFile; fileRef = DC14610524FF476A00F658B0 /* Image.swift */; };
		DC36F41A24F5FE9C00E0F77F /* MapKit.framework in Frameworks */ = {isa = PBXBuildFile; fileRef = DC36F41924F5FE9C00E0F77F /* MapKit.framework */; };
		DC36F41C24F6067100E0F77F /* MapTableViewCell.swift in Sources */ = {isa = PBXBuildFile; fileRef = DC36F41B24F6067100E0F77F /* MapTableViewCell.swift */; };
		DC36F42124F608DE00E0F77F /* Map.storyboard in Resources */ = {isa = PBXBuildFile; fileRef = DC36F42024F608DE00E0F77F /* Map.storyboard */; };
		DC36F42324F6091200E0F77F /* MapViewController.swift in Sources */ = {isa = PBXBuildFile; fileRef = DC36F42224F6091200E0F77F /* MapViewController.swift */; };
		DC36F42624F7635C00E0F77F /* Color.swift in Sources */ = {isa = PBXBuildFile; fileRef = DC36F42524F7635C00E0F77F /* Color.swift */; };
		DC36F44F24F7B5D000E0F77F /* TabViewController.swift in Sources */ = {isa = PBXBuildFile; fileRef = DC36F44E24F7B5D000E0F77F /* TabViewController.swift */; };
		DC36F45324F7B63200E0F77F /* Discover.storyboard in Resources */ = {isa = PBXBuildFile; fileRef = DC36F45224F7B63200E0F77F /* Discover.storyboard */; };
		DC36F45524F7B63D00E0F77F /* About.storyboard in Resources */ = {isa = PBXBuildFile; fileRef = DC36F45424F7B63D00E0F77F /* About.storyboard */; };
		DC36F45724F7B65A00E0F77F /* DiscoverViewController.swift in Sources */ = {isa = PBXBuildFile; fileRef = DC36F45624F7B65A00E0F77F /* DiscoverViewController.swift */; };
		DC36F45924F7B66700E0F77F /* AboutViewController.swift in Sources */ = {isa = PBXBuildFile; fileRef = DC36F45824F7B66700E0F77F /* AboutViewController.swift */; };
		DC36F45C24F8A4EA00E0F77F /* AddRestaurant.storyboard in Resources */ = {isa = PBXBuildFile; fileRef = DC36F45B24F8A4EA00E0F77F /* AddRestaurant.storyboard */; };
		DC36F45E24F8A4FF00E0F77F /* AddRestaurantViewController.swift in Sources */ = {isa = PBXBuildFile; fileRef = DC36F45D24F8A4FF00E0F77F /* AddRestaurantViewController.swift */; };
		DC36F46024F8D31900E0F77F /* RoundedTextField.swift in Sources */ = {isa = PBXBuildFile; fileRef = DC36F45F24F8D31900E0F77F /* RoundedTextField.swift */; };
		DC401E7D24EFD37400219EFA /* AppDelegate.swift in Sources */ = {isa = PBXBuildFile; fileRef = DC401E7C24EFD37400219EFA /* AppDelegate.swift */; };
		DC401E7F24EFD37400219EFA /* SceneDelegate.swift in Sources */ = {isa = PBXBuildFile; fileRef = DC401E7E24EFD37400219EFA /* SceneDelegate.swift */; };
		DC401E8124EFD37400219EFA /* ViewController.swift in Sources */ = {isa = PBXBuildFile; fileRef = DC401E8024EFD37400219EFA /* ViewController.swift */; };
		DC401E8424EFD37400219EFA /* Main.storyboard in Resources */ = {isa = PBXBuildFile; fileRef = DC401E8224EFD37400219EFA /* Main.storyboard */; };
		DC401E8624EFD37600219EFA /* Assets.xcassets in Resources */ = {isa = PBXBuildFile; fileRef = DC401E8524EFD37600219EFA /* Assets.xcassets */; };
		DC401E8924EFD37600219EFA /* LaunchScreen.storyboard in Resources */ = {isa = PBXBuildFile; fileRef = DC401E8724EFD37600219EFA /* LaunchScreen.storyboard */; };
		DC43EA0724F33A8F008B41E5 /* FoodTableViewCell.swift in Sources */ = {isa = PBXBuildFile; fileRef = DC43EA0624F33A8F008B41E5 /* FoodTableViewCell.swift */; };
		DC43EA1324F39C15008B41E5 /* Result.storyboard in Resources */ = {isa = PBXBuildFile; fileRef = DC43EA1224F39C15008B41E5 /* Result.storyboard */; };
		DC43EA1724F39D2C008B41E5 /* ResultViewController.swift in Sources */ = {isa = PBXBuildFile; fileRef = DC43EA1624F39D2C008B41E5 /* ResultViewController.swift */; };
		DC43EA1A24F3AF5C008B41E5 /* RestaurantBaseInfo.swift in Sources */ = {isa = PBXBuildFile; fileRef = DC43EA1924F3AF5C008B41E5 /* RestaurantBaseInfo.swift */; };
		DC43EA1C24F3B1C0008B41E5 /* restaurants.json in Resources */ = {isa = PBXBuildFile; fileRef = DC43EA1B24F3B1C0008B41E5 /* restaurants.json */; };
		DC43EA1E24F49473008B41E5 /* RestaurantManager.swift in Sources */ = {isa = PBXBuildFile; fileRef = DC43EA1D24F49473008B41E5 /* RestaurantManager.swift */; };
		DC6C14FF24FE4AF600433E03 /* FoodPin.xcdatamodeld in Sources */ = {isa = PBXBuildFile; fileRef = DC6C14FD24FE4AF500433E03 /* FoodPin.xcdatamodeld */; };
		DCA841F924F4F5C4004B6A7D /* ResultTableViewCell.swift in Sources */ = {isa = PBXBuildFile; fileRef = DCA841F824F4F5C4004B6A7D /* ResultTableViewCell.swift */; };
/* End PBXBuildFile section */

/* Begin PBXFileReference section */
		DC14610524FF476A00F658B0 /* Image.swift */ = {isa = PBXFileReference; lastKnownFileType = sourcecode.swift; path = Image.swift; sourceTree = "<group>"; };
		DC36F41924F5FE9C00E0F77F /* MapKit.framework */ = {isa = PBXFileReference; lastKnownFileType = wrapper.framework; name = MapKit.framework; path = System/Library/Frameworks/MapKit.framework; sourceTree = SDKROOT; };
		DC36F41B24F6067100E0F77F /* MapTableViewCell.swift */ = {isa = PBXFileReference; lastKnownFileType = sourcecode.swift; path = MapTableViewCell.swift; sourceTree = "<group>"; };
		DC36F42024F608DE00E0F77F /* Map.storyboard */ = {isa = PBXFileReference; lastKnownFileType = file.storyboard; path = Map.storyboard; sourceTree = "<group>"; };
		DC36F42224F6091200E0F77F /* MapViewController.swift */ = {isa = PBXFileReference; lastKnownFileType = sourcecode.swift; path = MapViewController.swift; sourceTree = "<group>"; };
		DC36F42524F7635C00E0F77F /* Color.swift */ = {isa = PBXFileReference; lastKnownFileType = sourcecode.swift; path = Color.swift; sourceTree = "<group>"; };
		DC36F44E24F7B5D000E0F77F /* TabViewController.swift */ = {isa = PBXFileReference; lastKnownFileType = sourcecode.swift; path = TabViewController.swift; sourceTree = "<group>"; };
		DC36F45224F7B63200E0F77F /* Discover.storyboard */ = {isa = PBXFileReference; lastKnownFileType = file.storyboard; path = Discover.storyboard; sourceTree = "<group>"; };
		DC36F45424F7B63D00E0F77F /* About.storyboard */ = {isa = PBXFileReference; lastKnownFileType = file.storyboard; path = About.storyboard; sourceTree = "<group>"; };
		DC36F45624F7B65A00E0F77F /* DiscoverViewController.swift */ = {isa = PBXFileReference; lastKnownFileType = sourcecode.swift; path = DiscoverViewController.swift; sourceTree = "<group>"; };
		DC36F45824F7B66700E0F77F /* AboutViewController.swift */ = {isa = PBXFileReference; lastKnownFileType = sourcecode.swift; path = AboutViewController.swift; sourceTree = "<group>"; };
		DC36F45B24F8A4EA00E0F77F /* AddRestaurant.storyboard */ = {isa = PBXFileReference; lastKnownFileType = file.storyboard; path = AddRestaurant.storyboard; sourceTree = "<group>"; };
		DC36F45D24F8A4FF00E0F77F /* AddRestaurantViewController.swift */ = {isa = PBXFileReference; lastKnownFileType = sourcecode.swift; path = AddRestaurantViewController.swift; sourceTree = "<group>"; };
		DC36F45F24F8D31900E0F77F /* RoundedTextField.swift */ = {isa = PBXFileReference; fileEncoding = 4; lastKnownFileType = sourcecode.swift; path = RoundedTextField.swift; sourceTree = "<group>"; };
		DC401E7924EFD37400219EFA /* improvementProject.app */ = {isa = PBXFileReference; explicitFileType = wrapper.application; includeInIndex = 0; path = improvementProject.app; sourceTree = BUILT_PRODUCTS_DIR; };
		DC401E7C24EFD37400219EFA /* AppDelegate.swift */ = {isa = PBXFileReference; lastKnownFileType = sourcecode.swift; path = AppDelegate.swift; sourceTree = "<group>"; };
		DC401E7E24EFD37400219EFA /* SceneDelegate.swift */ = {isa = PBXFileReference; lastKnownFileType = sourcecode.swift; path = SceneDelegate.swift; sourceTree = "<group>"; };
		DC401E8024EFD37400219EFA /* ViewController.swift */ = {isa = PBXFileReference; lastKnownFileType = sourcecode.swift; path = ViewController.swift; sourceTree = "<group>"; };
		DC401E8324EFD37400219EFA /* Base */ = {isa = PBXFileReference; lastKnownFileType = file.storyboard; name = Base; path = Base.lproj/Main.storyboard; sourceTree = "<group>"; };
		DC401E8524EFD37600219EFA /* Assets.xcassets */ = {isa = PBXFileReference; lastKnownFileType = folder.assetcatalog; path = Assets.xcassets; sourceTree = "<group>"; };
		DC401E8824EFD37600219EFA /* Base */ = {isa = PBXFileReference; lastKnownFileType = file.storyboard; name = Base; path = Base.lproj/LaunchScreen.storyboard; sourceTree = "<group>"; };
		DC401E8A24EFD37600219EFA /* Info.plist */ = {isa = PBXFileReference; lastKnownFileType = text.plist.xml; path = Info.plist; sourceTree = "<group>"; };
		DC43EA0624F33A8F008B41E5 /* FoodTableViewCell.swift */ = {isa = PBXFileReference; lastKnownFileType = sourcecode.swift; path = FoodTableViewCell.swift; sourceTree = "<group>"; };
		DC43EA1224F39C15008B41E5 /* Result.storyboard */ = {isa = PBXFileReference; lastKnownFileType = file.storyboard; path = Result.storyboard; sourceTree = "<group>"; };
		DC43EA1624F39D2C008B41E5 /* ResultViewController.swift */ = {isa = PBXFileReference; lastKnownFileType = sourcecode.swift; path = ResultViewController.swift; sourceTree = "<group>"; };
		DC43EA1924F3AF5C008B41E5 /* RestaurantBaseInfo.swift */ = {isa = PBXFileReference; lastKnownFileType = sourcecode.swift; path = RestaurantBaseInfo.swift; sourceTree = "<group>"; };
		DC43EA1B24F3B1C0008B41E5 /* restaurants.json */ = {isa = PBXFileReference; fileEncoding = 4; lastKnownFileType = text.json; name = restaurants.json; path = ../../info/restaurants.json; sourceTree = "<group>"; };
		DC43EA1D24F49473008B41E5 /* RestaurantManager.swift */ = {isa = PBXFileReference; lastKnownFileType = sourcecode.swift; path = RestaurantManager.swift; sourceTree = "<group>"; };
		DC6C14FE24FE4AF600433E03 /* FoodPin.xcdatamodel */ = {isa = PBXFileReference; lastKnownFileType = wrapper.xcdatamodel; path = FoodPin.xcdatamodel; sourceTree = "<group>"; };
		DCA841F824F4F5C4004B6A7D /* ResultTableViewCell.swift */ = {isa = PBXFileReference; lastKnownFileType = sourcecode.swift; path = ResultTableViewCell.swift; sourceTree = "<group>"; };
/* End PBXFileReference section */

/* Begin PBXFrameworksBuildPhase section */
		DC401E7624EFD37400219EFA /* Frameworks */ = {
			isa = PBXFrameworksBuildPhase;
			buildActionMask = 2147483647;
			files = (
				DC36F41A24F5FE9C00E0F77F /* MapKit.framework in Frameworks */,
			);
			runOnlyForDeploymentPostprocessing = 0;
		};
/* End PBXFrameworksBuildPhase section */

/* Begin PBXGroup section */
		DC36F41824F5FE9C00E0F77F /* Frameworks */ = {
			isa = PBXGroup;
			children = (
				DC36F41924F5FE9C00E0F77F /* MapKit.framework */,
			);
			name = Frameworks;
			sourceTree = "<group>";
		};
		DC36F41D24F608BE00E0F77F /* Map */ = {
			isa = PBXGroup;
			children = (
				DC36F42024F608DE00E0F77F /* Map.storyboard */,
				DC36F42224F6091200E0F77F /* MapViewController.swift */,
			);
			path = Map;
			sourceTree = "<group>";
		};
		DC36F42424F7634200E0F77F /* Extensions */ = {
			isa = PBXGroup;
			children = (
				DC36F42524F7635C00E0F77F /* Color.swift */,
				DC14610524FF476A00F658B0 /* Image.swift */,
			);
			path = Extensions;
			sourceTree = "<group>";
		};
		DC36F44D24F7B59C00E0F77F /* TabBar */ = {
			isa = PBXGroup;
			children = (
				DC36F44E24F7B5D000E0F77F /* TabViewController.swift */,
			);
			path = TabBar;
			sourceTree = "<group>";
		};
		DC36F45024F7B5E200E0F77F /* About */ = {
			isa = PBXGroup;
			children = (
				DC36F45424F7B63D00E0F77F /* About.storyboard */,
				DC36F45824F7B66700E0F77F /* AboutViewController.swift */,
			);
			path = About;
			sourceTree = "<group>";
		};
		DC36F45124F7B61200E0F77F /* Discover */ = {
			isa = PBXGroup;
			children = (
				DC36F45224F7B63200E0F77F /* Discover.storyboard */,
				DC36F45624F7B65A00E0F77F /* DiscoverViewController.swift */,
			);
			path = Discover;
			sourceTree = "<group>";
		};
		DC36F45A24F8A4BB00E0F77F /* New_Restaurant */ = {
			isa = PBXGroup;
			children = (
				DC36F45B24F8A4EA00E0F77F /* AddRestaurant.storyboard */,
				DC36F45D24F8A4FF00E0F77F /* AddRestaurantViewController.swift */,
				DC36F45F24F8D31900E0F77F /* RoundedTextField.swift */,
			);
			path = New_Restaurant;
			sourceTree = "<group>";
		};
		DC401E7024EFD37400219EFA = {
			isa = PBXGroup;
			children = (
				DC401E7B24EFD37400219EFA /* improvementProject */,
				DC401E7A24EFD37400219EFA /* Products */,
				DC36F41824F5FE9C00E0F77F /* Frameworks */,
			);
			sourceTree = "<group>";
		};
		DC401E7A24EFD37400219EFA /* Products */ = {
			isa = PBXGroup;
			children = (
				DC401E7924EFD37400219EFA /* improvementProject.app */,
			);
			name = Products;
			sourceTree = "<group>";
		};
		DC401E7B24EFD37400219EFA /* improvementProject */ = {
			isa = PBXGroup;
			children = (
				DC6C14FC24FE4AD600433E03 /* Core_Data */,
				DC36F45A24F8A4BB00E0F77F /* New_Restaurant */,
				DC36F45124F7B61200E0F77F /* Discover */,
				DC36F45024F7B5E200E0F77F /* About */,
				DC36F44D24F7B59C00E0F77F /* TabBar */,
				DC36F42424F7634200E0F77F /* Extensions */,
				DC36F41D24F608BE00E0F77F /* Map */,
				DC43EA1824F3AEB8008B41E5 /* modules */,
				DC43EA1124F39BE6008B41E5 /* ResultVC */,
				DC43EA0824F349D8008B41E5 /* foodCell */,
				DC401E7C24EFD37400219EFA /* AppDelegate.swift */,
				DC401E7E24EFD37400219EFA /* SceneDelegate.swift */,
				DC401E8524EFD37600219EFA /* Assets.xcassets */,
				DC401E8724EFD37600219EFA /* LaunchScreen.storyboard */,
				DC401E8A24EFD37600219EFA /* Info.plist */,
				DC43EA1B24F3B1C0008B41E5 /* restaurants.json */,
			);
			path = improvementProject;
			sourceTree = "<group>";
		};
		DC43EA0824F349D8008B41E5 /* foodCell */ = {
			isa = PBXGroup;
			children = (
				DC401E8024EFD37400219EFA /* ViewController.swift */,
				DC43EA0624F33A8F008B41E5 /* FoodTableViewCell.swift */,
				DC401E8224EFD37400219EFA /* Main.storyboard */,
			);
			path = foodCell;
			sourceTree = "<group>";
		};
		DC43EA1124F39BE6008B41E5 /* ResultVC */ = {
			isa = PBXGroup;
			children = (
				DC43EA1224F39C15008B41E5 /* Result.storyboard */,
				DC43EA1624F39D2C008B41E5 /* ResultViewController.swift */,
				DCA841F824F4F5C4004B6A7D /* ResultTableViewCell.swift */,
				DC36F41B24F6067100E0F77F /* MapTableViewCell.swift */,
			);
			path = ResultVC;
			sourceTree = "<group>";
		};
		DC43EA1824F3AEB8008B41E5 /* modules */ = {
			isa = PBXGroup;
			children = (
				DC43EA1924F3AF5C008B41E5 /* RestaurantBaseInfo.swift */,
				DC43EA1D24F49473008B41E5 /* RestaurantManager.swift */,
			);
			path = modules;
			sourceTree = "<group>";
		};
		DC6C14FC24FE4AD600433E03 /* Core_Data */ = {
			isa = PBXGroup;
			children = (
				DC6C14FD24FE4AF500433E03 /* FoodPin.xcdatamodeld */,
			);
			path = Core_Data;
			sourceTree = "<group>";
		};
/* End PBXGroup section */

/* Begin PBXNativeTarget section */
		DC401E7824EFD37400219EFA /* improvementProject */ = {
			isa = PBXNativeTarget;
			buildConfigurationList = DC401E8D24EFD37600219EFA /* Build configuration list for PBXNativeTarget "improvementProject" */;
			buildPhases = (
				DC401E7524EFD37400219EFA /* Sources */,
				DC401E7624EFD37400219EFA /* Frameworks */,
				DC401E7724EFD37400219EFA /* Resources */,
			);
			buildRules = (
			);
			dependencies = (
			);
			name = improvementProject;
			productName = improvementProject;
			productReference = DC401E7924EFD37400219EFA /* improvementProject.app */;
			productType = "com.apple.product-type.application";
		};
/* End PBXNativeTarget section */

/* Begin PBXProject section */
		DC401E7124EFD37400219EFA /* Project object */ = {
			isa = PBXProject;
			attributes = {
				LastSwiftUpdateCheck = 1130;
				LastUpgradeCheck = 1130;
				ORGANIZATIONNAME = "chen yue";
				TargetAttributes = {
					DC401E7824EFD37400219EFA = {
						CreatedOnToolsVersion = 11.3.1;
					};
				};
			};
			buildConfigurationList = DC401E7424EFD37400219EFA /* Build configuration list for PBXProject "improvementProject" */;
			compatibilityVersion = "Xcode 9.3";
			developmentRegion = en;
			hasScannedForEncodings = 0;
			knownRegions = (
				en,
				Base,
			);
			mainGroup = DC401E7024EFD37400219EFA;
			productRefGroup = DC401E7A24EFD37400219EFA /* Products */;
			projectDirPath = "";
			projectRoot = "";
			targets = (
				DC401E7824EFD37400219EFA /* improvementProject */,
			);
		};
/* End PBXProject section */

/* Begin PBXResourcesBuildPhase section */
		DC401E7724EFD37400219EFA /* Resources */ = {
			isa = PBXResourcesBuildPhase;
			buildActionMask = 2147483647;
			files = (
				DC401E8924EFD37600219EFA /* LaunchScreen.storyboard in Resources */,
				DC43EA1C24F3B1C0008B41E5 /* restaurants.json in Resources */,
				DC36F45524F7B63D00E0F77F /* About.storyboard in Resources */,
				DC401E8624EFD37600219EFA /* Assets.xcassets in Resources */,
				DC401E8424EFD37400219EFA /* Main.storyboard in Resources */,
				DC36F45C24F8A4EA00E0F77F /* AddRestaurant.storyboard in Resources */,
				DC43EA1324F39C15008B41E5 /* Result.storyboard in Resources */,
				DC36F45324F7B63200E0F77F /* Discover.storyboard in Resources */,
				DC36F42124F608DE00E0F77F /* Map.storyboard in Resources */,
			);
			runOnlyForDeploymentPostprocessing = 0;
		};
/* End PBXResourcesBuildPhase section */

/* Begin PBXSourcesBuildPhase section */
		DC401E7524EFD37400219EFA /* Sources */ = {
			isa = PBXSourcesBuildPhase;
			buildActionMask = 2147483647;
			files = (
				DC36F44F24F7B5D000E0F77F /* TabViewController.swift in Sources */,
				DC14610624FF476A00F658B0 /* Image.swift in Sources */,
				DC43EA1A24F3AF5C008B41E5 /* RestaurantBaseInfo.swift in Sources */,
				DC36F45E24F8A4FF00E0F77F /* AddRestaurantViewController.swift in Sources */,
				DC43EA1724F39D2C008B41E5 /* ResultViewController.swift in Sources */,
				DC36F42624F7635C00E0F77F /* Color.swift in Sources */,
				DC36F41C24F6067100E0F77F /* MapTableViewCell.swift in Sources */,
				DC36F45724F7B65A00E0F77F /* DiscoverViewController.swift in Sources */,
				DC6C14FF24FE4AF600433E03 /* FoodPin.xcdatamodeld in Sources */,
				DC36F42324F6091200E0F77F /* MapViewController.swift in Sources */,
				DC43EA1E24F49473008B41E5 /* RestaurantManager.swift in Sources */,
				DC401E8124EFD37400219EFA /* ViewController.swift in Sources */,
				DC43EA0724F33A8F008B41E5 /* FoodTableViewCell.swift in Sources */,
				DC36F46024F8D31900E0F77F /* RoundedTextField.swift in Sources */,
				DC36F45924F7B66700E0F77F /* AboutViewController.swift in Sources */,
				DC401E7D24EFD37400219EFA /* AppDelegate.swift in Sources */,
				DCA841F924F4F5C4004B6A7D /* ResultTableViewCell.swift in Sources */,
				DC401E7F24EFD37400219EFA /* SceneDelegate.swift in Sources */,
			);
			runOnlyForDeploymentPostprocessing = 0;
		};
/* End PBXSourcesBuildPhase section */

/* Begin PBXVariantGroup section */
		DC401E8224EFD37400219EFA /* Main.storyboard */ = {
			isa = PBXVariantGroup;
			children = (
				DC401E8324EFD37400219EFA /* Base */,
			);
			name = Main.storyboard;
			sourceTree = "<group>";
		};
		DC401E8724EFD37600219EFA /* LaunchScreen.storyboard */ = {
			isa = PBXVariantGroup;
			children = (
				DC401E8824EFD37600219EFA /* Base */,
			);
			name = LaunchScreen.storyboard;
			sourceTree = "<group>";
		};
/* End PBXVariantGroup section */

/* Begin XCBuildConfiguration section */
		DC401E8B24EFD37600219EFA /* Debug */ = {
			isa = XCBuildConfiguration;
			buildSettings = {
				ALWAYS_SEARCH_USER_PATHS = NO;
				CLANG_ANALYZER_NONNULL = YES;
				CLANG_ANALYZER_NUMBER_OBJECT_CONVERSION = YES_AGGRESSIVE;
				CLANG_CXX_LANGUAGE_STANDARD = "gnu++14";
				CLANG_CXX_LIBRARY = "libc++";
				CLANG_ENABLE_MODULES = YES;
				CLANG_ENABLE_OBJC_ARC = YES;
				CLANG_ENABLE_OBJC_WEAK = YES;
				CLANG_WARN_BLOCK_CAPTURE_AUTORELEASING = YES;
				CLANG_WARN_BOOL_CONVERSION = YES;
				CLANG_WARN_COMMA = YES;
				CLANG_WARN_CONSTANT_CONVERSION = YES;
				CLANG_WARN_DEPRECATED_OBJC_IMPLEMENTATIONS = YES;
				CLANG_WARN_DIRECT_OBJC_ISA_USAGE = YES_ERROR;
				CLANG_WARN_DOCUMENTATION_COMMENTS = YES;
				CLANG_WARN_EMPTY_BODY = YES;
				CLANG_WARN_ENUM_CONVERSION = YES;
				CLANG_WARN_INFINITE_RECURSION = YES;
				CLANG_WARN_INT_CONVERSION = YES;
				CLANG_WARN_NON_LITERAL_NULL_CONVERSION = YES;
				CLANG_WARN_OBJC_IMPLICIT_RETAIN_SELF = YES;
				CLANG_WARN_OBJC_LITERAL_CONVERSION = YES;
				CLANG_WARN_OBJC_ROOT_CLASS = YES_ERROR;
				CLANG_WARN_RANGE_LOOP_ANALYSIS = YES;
				CLANG_WARN_STRICT_PROTOTYPES = YES;
				CLANG_WARN_SUSPICIOUS_MOVE = YES;
				CLANG_WARN_UNGUARDED_AVAILABILITY = YES_AGGRESSIVE;
				CLANG_WARN_UNREACHABLE_CODE = YES;
				CLANG_WARN__DUPLICATE_METHOD_MATCH = YES;
				COPY_PHASE_STRIP = NO;
				DEBUG_INFORMATION_FORMAT = dwarf;
				ENABLE_STRICT_OBJC_MSGSEND = YES;
				ENABLE_TESTABILITY = YES;
				GCC_C_LANGUAGE_STANDARD = gnu11;
				GCC_DYNAMIC_NO_PIC = NO;
				GCC_NO_COMMON_BLOCKS = YES;
				GCC_OPTIMIZATION_LEVEL = 0;
				GCC_PREPROCESSOR_DEFINITIONS = (
					"DEBUG=1",
					"$(inherited)",
				);
				GCC_WARN_64_TO_32_BIT_CONVERSION = YES;
				GCC_WARN_ABOUT_RETURN_TYPE = YES_ERROR;
				GCC_WARN_UNDECLARED_SELECTOR = YES;
				GCC_WARN_UNINITIALIZED_AUTOS = YES_AGGRESSIVE;
				GCC_WARN_UNUSED_FUNCTION = YES;
				GCC_WARN_UNUSED_VARIABLE = YES;
				IPHONEOS_DEPLOYMENT_TARGET = 13.2;
				MTL_ENABLE_DEBUG_INFO = INCLUDE_SOURCE;
				MTL_FAST_MATH = YES;
				ONLY_ACTIVE_ARCH = YES;
				SDKROOT = iphoneos;
				SWIFT_ACTIVE_COMPILATION_CONDITIONS = DEBUG;
				SWIFT_OPTIMIZATION_LEVEL = "-Onone";
			};
			name = Debug;
		};
		DC401E8C24EFD37600219EFA /* Release */ = {
			isa = XCBuildConfiguration;
			buildSettings = {
				ALWAYS_SEARCH_USER_PATHS = NO;
				CLANG_ANALYZER_NONNULL = YES;
				CLANG_ANALYZER_NUMBER_OBJECT_CONVERSION = YES_AGGRESSIVE;
				CLANG_CXX_LANGUAGE_STANDARD = "gnu++14";
				CLANG_CXX_LIBRARY = "libc++";
				CLANG_ENABLE_MODULES = YES;
				CLANG_ENABLE_OBJC_ARC = YES;
				CLANG_ENABLE_OBJC_WEAK = YES;
				CLANG_WARN_BLOCK_CAPTURE_AUTORELEASING = YES;
				CLANG_WARN_BOOL_CONVERSION = YES;
				CLANG_WARN_COMMA = YES;
				CLANG_WARN_CONSTANT_CONVERSION = YES;
				CLANG_WARN_DEPRECATED_OBJC_IMPLEMENTATIONS = YES;
				CLANG_WARN_DIRECT_OBJC_ISA_USAGE = YES_ERROR;
				CLANG_WARN_DOCUMENTATION_COMMENTS = YES;
				CLANG_WARN_EMPTY_BODY = YES;
				CLANG_WARN_ENUM_CONVERSION = YES;
				CLANG_WARN_INFINITE_RECURSION = YES;
				CLANG_WARN_INT_CONVERSION = YES;
				CLANG_WARN_NON_LITERAL_NULL_CONVERSION = YES;
				CLANG_WARN_OBJC_IMPLICIT_RETAIN_SELF = YES;
				CLANG_WARN_OBJC_LITERAL_CONVERSION = YES;
				CLANG_WARN_OBJC_ROOT_CLASS = YES_ERROR;
				CLANG_WARN_RANGE_LOOP_ANALYSIS = YES;
				CLANG_WARN_STRICT_PROTOTYPES = YES;
				CLANG_WARN_SUSPICIOUS_MOVE = YES;
				CLANG_WARN_UNGUARDED_AVAILABILITY = YES_AGGRESSIVE;
				CLANG_WARN_UNREACHABLE_CODE = YES;
				CLANG_WARN__DUPLICATE_METHOD_MATCH = YES;
				COPY_PHASE_STRIP = NO;
				DEBUG_INFORMATION_FORMAT = "dwarf-with-dsym";
				ENABLE_NS_ASSERTIONS = NO;
				ENABLE_STRICT_OBJC_MSGSEND = YES;
				GCC_C_LANGUAGE_STANDARD = gnu11;
				GCC_NO_COMMON_BLOCKS = YES;
				GCC_WARN_64_TO_32_BIT_CONVERSION = YES;
				GCC_WARN_ABOUT_RETURN_TYPE = YES_ERROR;
				GCC_WARN_UNDECLARED_SELECTOR = YES;
				GCC_WARN_UNINITIALIZED_AUTOS = YES_AGGRESSIVE;
				GCC_WARN_UNUSED_FUNCTION = YES;
				GCC_WARN_UNUSED_VARIABLE = YES;
				IPHONEOS_DEPLOYMENT_TARGET = 13.2;
				MTL_ENABLE_DEBUG_INFO = NO;
				MTL_FAST_MATH = YES;
				SDKROOT = iphoneos;
				SWIFT_COMPILATION_MODE = wholemodule;
				SWIFT_OPTIMIZATION_LEVEL = "-O";
				VALIDATE_PRODUCT = YES;
			};
			name = Release;
		};
		DC401E8E24EFD37600219EFA /* Debug */ = {
			isa = XCBuildConfiguration;
			buildSettings = {
				ASSETCATALOG_COMPILER_APPICON_NAME = AppIcon;
				CODE_SIGN_STYLE = Automatic;
				DEVELOPMENT_TEAM = P6BCWX6WTF;
				INFOPLIST_FILE = improvementProject/Info.plist;
				LD_RUNPATH_SEARCH_PATHS = (
					"$(inherited)",
					"@executable_path/Frameworks",
				);
				PRODUCT_BUNDLE_IDENTIFIER = com.improvementProject;
				PRODUCT_NAME = "$(TARGET_NAME)";
				SWIFT_VERSION = 5.0;
				TARGETED_DEVICE_FAMILY = "1,2";
			};
			name = Debug;
		};
		DC401E8F24EFD37600219EFA /* Release */ = {
			isa = XCBuildConfiguration;
			buildSettings = {
				ASSETCATALOG_COMPILER_APPICON_NAME = AppIcon;
				CODE_SIGN_STYLE = Automatic;
				DEVELOPMENT_TEAM = P6BCWX6WTF;
				INFOPLIST_FILE = improvementProject/Info.plist;
				LD_RUNPATH_SEARCH_PATHS = (
					"$(inherited)",
					"@executable_path/Frameworks",
				);
				PRODUCT_BUNDLE_IDENTIFIER = com.improvementProject;
				PRODUCT_NAME = "$(TARGET_NAME)";
				SWIFT_VERSION = 5.0;
				TARGETED_DEVICE_FAMILY = "1,2";
			};
			name = Release;
		};
/* End XCBuildConfiguration section */

/* Begin XCConfigurationList section */
		DC401E7424EFD37400219EFA /* Build configuration list for PBXProject "improvementProject" */ = {
			isa = XCConfigurationList;
			buildConfigurations = (
				DC401E8B24EFD37600219EFA /* Debug */,
				DC401E8C24EFD37600219EFA /* Release */,
			);
			defaultConfigurationIsVisible = 0;
			defaultConfigurationName = Release;
		};
		DC401E8D24EFD37600219EFA /* Build configuration list for PBXNativeTarget "improvementProject" */ = {
			isa = XCConfigurationList;
			buildConfigurations = (
				DC401E8E24EFD37600219EFA /* Debug */,
				DC401E8F24EFD37600219EFA /* Release */,
			);
			defaultConfigurationIsVisible = 0;
			defaultConfigurationName = Release;
		};
/* End XCConfigurationList section */

/* Begin XCVersionGroup section */
		DC6C14FD24FE4AF500433E03 /* FoodPin.xcdatamodeld */ = {
			isa = XCVersionGroup;
			children = (
				DC6C14FE24FE4AF600433E03 /* FoodPin.xcdatamodel */,
			);
			currentVersion = DC6C14FE24FE4AF600433E03 /* FoodPin.xcdatamodel */;
			path = FoodPin.xcdatamodeld;
			sourceTree = "<group>";
			versionGroupType = wrapper.xcdatamodel;
		};
/* End XCVersionGroup section */
	};
	rootObject = DC401E7124EFD37400219EFA /* Project object */;
}
